
Microsoft Visual Studio Solution File, Format Version 12.00
# Visual Studio 15
VisualStudioVersion = 15.0.28307.168
MinimumVisualStudioVersion = 10.0.40219.1
Project("{FAE04EC0-301F-11D3-BF4B-00C04F79EFBC}") = "716342", "716342\716342.csproj", "{78041FE9-31C2-4257-89CD-EF15280E1ACA}"
EndProject
Global
	GlobalSection(SolutionConfigurationPlatforms) = preSolution
		Debug|Any CPU = Debug|Any CPU
		Release|Any CPU = Release|Any CPU
	EndGlobalSection
	GlobalSection(ProjectConfigurationPlatforms) = postSolution
		{78041FE9-31C2-4257-89CD-EF15280E1ACA}.Debug|Any CPU.ActiveCfg = Debug|Any CPU
		{78041FE9-31C2-4257-89CD-EF15280E1ACA}.Debug|Any CPU.Build.0 = Debug|Any CPU
		{78041FE9-31C2-4257-89CD-EF15280E1ACA}.Release|Any CPU.ActiveCfg = Release|Any CPU
		{78041FE9-31C2-4257-89CD-EF15280E1ACA}.Release|Any CPU.Build.0 = Release|Any CPU
	EndGlobalSection
	GlobalSection(SolutionProperties) = preSolution
		HideSolutionNode = FALSE
	EndGlobalSection
	GlobalSection(ExtensibilityGlobals) = postSolution
		SolutionGuid = {276751F9-08E1-43AF-B501-EB08EAF4A3C9}
	EndGlobalSection
EndGlobal
